
Microsoft Visual Studio Solution File, Format Version 12.00
# Visual Studio Version 17
VisualStudioVersion = 17.3.32901.215
MinimumVisualStudioVersion = 10.0.40219.1
Project("{FAE04EC0-301F-11D3-BF4B-00C04F79EFBC}") = "while döngüsü ödev1-847", "while döngüsü ödev1-847\while döngüsü ödev1-847.csproj", "{19A7DD4D-DD63-4B40-B58D-356D44443177}"
EndProject
Global
	GlobalSection(SolutionConfigurationPlatforms) = preSolution
		Debug|Any CPU = Debug|Any CPU
		Release|Any CPU = Release|Any CPU
	EndGlobalSection
	GlobalSection(ProjectConfigurationPlatforms) = postSolution
		{19A7DD4D-DD63-4B40-B58D-356D44443177}.Debug|Any CPU.ActiveCfg = Debug|Any CPU
		{19A7DD4D-DD63-4B40-B58D-356D44443177}.Debug|Any CPU.Build.0 = Debug|Any CPU
		{19A7DD4D-DD63-4B40-B58D-356D44443177}.Release|Any CPU.ActiveCfg = Release|Any CPU
		{19A7DD4D-DD63-4B40-B58D-356D44443177}.Release|Any CPU.Build.0 = Release|Any CPU
	EndGlobalSection
	GlobalSection(SolutionProperties) = preSolution
		HideSolutionNode = FALSE
	EndGlobalSection
	GlobalSection(ExtensibilityGlobals) = postSolution
		SolutionGuid = {5BD40D75-F87F-4E98-A961-4B77DC12B25A}
	EndGlobalSection
EndGlobal
